{
    "_meta": {
        "hash": {
            "sha256": "2a853adc170974c445f213836613d928562cdd4ba327218690d619e21cc1659f"
        },
        "pipfile-spec": 6,
        "requires": {
            "python_version": "3.9"
        },
        "sources": [
            {
                "name": "pypi",
                "url": "https://pypi.org/simple",
                "verify_ssl": true
            }
        ]
    },
    "default": {
        "alembic": {
            "hashes": [
                "sha256:0932bed55a4546b8aa6f59b8ad8b92b0161e7bd46adc538d50afb1c96b3571c1"
            ],
            "index": "pypi",
            "version": "==0.8.9"
        },
        "bcrypt": {
            "hashes": [
                "sha256:027ed4963f944dfdfc851336aa967e7e9a01175503307c6667b763579704396d",
                "sha256:0edba25d183b971e86f1ee686519eecc5d161dc9c0feb095c2f36f49722d867e",
                "sha256:134ab92aef2444e2509e1ec87228eef9018947d4debd3578b2ccde7bd168cfbf",
                "sha256:14c2638bc580a8269bbbc6aff0281275b2877a5a1fe6ac4ea322e90a13f912b0",
                "sha256:1579fa6cca26527556211c41a30a4f231fa39b154aa4508233435cffb26853a2",
                "sha256:1a99bd662464bcd67ffa4f941e80013729d56fbb36c775fae02f53cbb96bd77f",
                "sha256:1ac84b0a25f136b28ef3a2b0c6554702fc3520a42892dea9baaa8ed4a6c3847f",
                "sha256:28f057cd77a18bc651eeb34c1767d08fe7f31ab0f37e78b8afbc2916e7ac575f",
                "sha256:2ade0a871da484f3f579ebcbca3ed6f3ff23f584131bec0380d077990cdddb62",
                "sha256:2f2646f3e92d7060a5514e517940d0fc4bcc09e91743ff4be34e11e4d9bbb783",
                "sha256:346e175c820a111c17d4c2def181a96e1826652edb0bb16e565085ed542785aa",
                "sha256:3a5a668695f7a469631af802dcd3925ce42de71585277ff3f278e23b6da0dd80",
                "sha256:3e573e873c9685e4c71e89a9b81fb6a6f68d8e31835d21724cdcb5229e62f3da",
                "sha256:40ab1589dfb6ddd08caae02be722e4770ae1349167880486fb43e5c6c2a30748",
                "sha256:4fc1d8d32c36b019f827e9df9f7855b1eb6787dbfb88de8e27b8ed23bda29179",
                "sha256:553840d0bd605bebacad721fb30c0df75d8c7defaa8612ed8770c79ce103bc54",
                "sha256:5601280c6f6e5846555ce2e88d72c69a5225d60297b4bf0c9f2ef1ed05d2f814",
                "sha256:58f03b76e1d33b0c4b613fea535cf5754837a71972557870a5a38278708a5d7d",
                "sha256:5c802329be3d5a316af90cae5ea74b30372b73ba70acf3e874adc0f6b657e5d1",
                "sha256:6cc65b2b30a6a5e281054e6ad7a724eeb6c358a09abfcf1731aeb5a61be1a728",
                "sha256:74fd31c54ba5fea2a9189b7e0d4a7f0bfcd36e5b16c7cd6b7dae34efeecc2c11",
                "sha256:756f835842baaa5b8aa79aee2f6091b3403da0fde309b39c05c62fa4fe89fcb6",
                "sha256:76c247e3536fdeff812d7f7f93e3e8335c447f99df72375c3e03568f4bd632d8",
                "sha256:7a0f72d664d9862f7c7d05e0f53a66ea1ce487449a0ac100d698f1d135279b35",
                "sha256:7c4c178fdf441c0109564fa11a1d75e1342772ccdf1eb75f635dcbbd6ec66a35",
                "sha256:7fdbd5eb98f580375e674eb961a4b6b2d0feb829c48ae11db363e740cf5434ef",
                "sha256:8f87bed8ad0fa837158167e950cc69c13f47b5ca4f04a34a79cbe443aa678558",
                "sha256:ad5980c3516bded32b36f418884edbe36c9470fc46af4aec9eaf43d61a6347e8",
                "sha256:b823ebcd73dc4b5fa9773885d9adf36f6565f4c98a6f80d4e352d3aede2c61c1",
                "sha256:b844350ed7caefec00cf7705f6bf396e4c5d3e5fba5316808434628551fd2fe4",
                "sha256:ba4a251311065b9410d01241c53df617bdc46c46dfbbcb44ac0675155dc21279",
                "sha256:d206c130ba0e97ed4d363b1d482504624f0560d0bf7793c48e9d2429469fbbd5",
                "sha256:ddaf671a9a8e88b65852d6affb22c68f22aee828529a3b14d732689a7f459323",
                "sha256:ecb7d49c124501074f2d0574b015ee0597f0b60dc0ecb9c930490d0011871b07",
                "sha256:ed377da0af35c4366d5470995c60dae025918f31be15cd45eb206e099eb7229e",
                "sha256:fd7f503b28a643b7658fd8862a1eee97a8415fccee44eca778e7c284de3812d2"
            ],
            "index": "pypi",
            "version": "==3.1.2"
        },
        "cffi": {
            "hashes": [
                "sha256:00a1ba5e2e95684448de9b89888ccd02c98d512064b4cb987d48f4b40aa0421e",
                "sha256:00e28066507bfc3fe865a31f325c8391a1ac2916219340f87dfad602c3e48e5d",
                "sha256:045d792900a75e8b1e1b0ab6787dd733a8190ffcf80e8c8ceb2fb10a29ff238a",
                "sha256:0638c3ae1a0edfb77c6765d487fee624d2b1ee1bdfeffc1f0b58c64d149e7eec",
                "sha256:105abaf8a6075dc96c1fe5ae7aae073f4696f2905fde6aeada4c9d2926752362",
                "sha256:155136b51fd733fa94e1c2ea5211dcd4c8879869008fc811648f16541bf99668",
                "sha256:1a465cbe98a7fd391d47dce4b8f7e5b921e6cd805ef421d04f5f66ba8f06086c",
                "sha256:1d2c4994f515e5b485fd6d3a73d05526aa0fcf248eb135996b088d25dfa1865b",
                "sha256:2c24d61263f511551f740d1a065eb0212db1dbbbbd241db758f5244281590c06",
                "sha256:51a8b381b16ddd370178a65360ebe15fbc1c71cf6f584613a7ea08bfad946698",
                "sha256:594234691ac0e9b770aee9fcdb8fa02c22e43e5c619456efd0d6c2bf276f3eb2",
                "sha256:5cf4be6c304ad0b6602f5c4e90e2f59b47653ac1ed9c662ed379fe48a8f26b0c",
                "sha256:64081b3f8f6f3c3de6191ec89d7dc6c86a8a43911f7ecb422c60e90c70be41c7",
                "sha256:6bc25fc545a6b3d57b5f8618e59fc13d3a3a68431e8ca5fd4c13241cd70d0009",
                "sha256:798caa2a2384b1cbe8a2a139d80734c9db54f9cc155c99d7cc92441a23871c03",
                "sha256:7c6b1dece89874d9541fc974917b631406233ea0440d0bdfbb8e03bf39a49b3b",
                "sha256:7ef7d4ced6b325e92eb4d3502946c78c5367bc416398d387b39591532536734e",
                "sha256:840793c68105fe031f34d6a086eaea153a0cd5c491cde82a74b420edd0a2b909",
                "sha256:8d6603078baf4e11edc4168a514c5ce5b3ba6e3e9c374298cb88437957960a53",
                "sha256:9cc46bc107224ff5b6d04369e7c595acb700c3613ad7bcf2e2012f62ece80c35",
                "sha256:9f7a31251289b2ab6d4012f6e83e58bc3b96bd151f5b5262467f4bb6b34a7c26",
                "sha256:9ffb888f19d54a4d4dfd4b3f29bc2c16aa4972f1c2ab9c4ab09b8ab8685b9c2b",
                "sha256:a5ed8c05548b54b998b9498753fb9cadbfd92ee88e884641377d8a8b291bcc01",
                "sha256:a7711edca4dcef1a75257b50a2fbfe92a65187c47dab5a0f1b9b332c5919a3fb",
                "sha256:af5c59122a011049aad5dd87424b8e65a80e4a6477419c0c1015f73fb5ea0293",
                "sha256:b18e0a9ef57d2b41f5c68beefa32317d286c3d6ac0484efd10d6e07491bb95dd",
                "sha256:b4e248d1087abf9f4c10f3c398896c87ce82a9856494a7155823eb45a892395d",
                "sha256:ba4e9e0ae13fc41c6b23299545e5ef73055213e466bd107953e4a013a5ddd7e3",
                "sha256:c6332685306b6417a91b1ff9fae889b3ba65c2292d64bd9245c093b1b284809d",
                "sha256:d5ff0621c88ce83a28a10d2ce719b2ee85635e85c515f12bac99a95306da4b2e",
                "sha256:d9efd8b7a3ef378dd61a1e77367f1924375befc2eba06168b6ebfa903a5e59ca",
                "sha256:df5169c4396adc04f9b0a05f13c074df878b6052430e03f50e68adf3a57aa28d",
                "sha256:ebb253464a5d0482b191274f1c8bf00e33f7e0b9c66405fbffc61ed2c839c775",
                "sha256:ec80dc47f54e6e9a78181ce05feb71a0353854cc26999db963695f950b5fb375",
                "sha256:f032b34669220030f905152045dfa27741ce1a6db3324a5bc0b96b6c7420c87b",
                "sha256:f60567825f791c6f8a592f3c6e3bd93dd2934e3f9dac189308426bd76b00ef3b",
                "sha256:f803eaa94c2fcda012c047e62bc7a51b0bdabda1cad7a92a522694ea2d76e49f"
            ],
            "index": "pypi",
            "version": "==1.14.4"
        },
        "click": {
            "hashes": [
                "sha256:cc6a19da8ebff6e7074f731447ef7e112bd23adf3de5c597cf9989f2fd8defe9",
                "sha256:fcf697e1fd4b567d817c69dab10a4035937fe6af175c05fd6806b69f74cbc6c4"
            ],
            "index": "pypi",
            "version": "==6.6"
        },
        "coverage": {
            "hashes": [
                "sha256:1c8ff2692efb9ef2c07b84ca6f8dec03dfdc2503bba5b268678e823928e08e52",
                "sha256:28a61877d72937d1cc367f09859ddacad99ea26f6fc468c34937e1004db54798",
                "sha256:30b9b429d3c88b6fe3573f1e73dffd6dc7f71f50a3eebd8fc410445877dad20a",
                "sha256:30bd366d8f1388b06f0c7dff49dad1024bf98b787f1c23e776356f96d8cfe038",
                "sha256:31c1ef428482d22e84e37e79908b4e35014bc1c247bd3819b31e1246466743fb",
                "sha256:38e87c46d364b8b3ac4d161586707345b7bc7b16855be1751345fc91be702ff7",
                "sha256:3b72f4b0ca8e128e483e3e9ebe2b7ba4b5a801d15421ff495ecffa10b6f932b4",
                "sha256:40092d2d24c8ecf3d3ffc84521f88a0fe140fa333a95422f194bd48b9de049f7",
                "sha256:4138fc4741a54aaf6dd6d91cebe075a899b7f4a841680638704e4eec803c8268",
                "sha256:42450b715dedb7a9e721ed016f5044fdc2a05b1c5098bb397d169e9846d7b031",
                "sha256:5e3066a2bce9320044997a809968ae798429548caf2e2a520bc5f2bb853f6cc0",
                "sha256:61224ed8243bda02dbd3aa3fff760eaa8fd30774c79b9e1ca8aa1c12294596fe",
                "sha256:6a797de7c1855e88a6bb2cade546f894f89c6342bbeae78f474f269460dd8f4f",
                "sha256:6d6ca7c7406edc03f50f751a583d0e0c1d64b2c01da8e1b9b40d5961a23c126d",
                "sha256:735cdc43a39407bf87b61e91f621d52e5acc5f4f52999d0f7ff4594a147ef669",
                "sha256:7e5dc262c4924326ba1d0d227597e9c8b3b167daa946775e886b8344c85c463c",
                "sha256:81069320e72dfb28bbc07e79ae94aa79d6fe7660eb9aae809d363b7f889020de",
                "sha256:89bf69d6ce7a865499a9b957745db8c2e9d5fbad00c4745a59d3c65211446ca8",
                "sha256:9d1c398f14290bc4ae4bc5ce01c283cabe734a068ba39e6a20b3eb4d3a412b52",
                "sha256:9f63c41114d6e38e6007edd38849db19655d1860075c019a4e24f8636d0bd53e",
                "sha256:a5dda361f947dd67891f73a373ef63059cf3e551ac248dd3e91f76ea1b39cdda",
                "sha256:b8faa97f0d3708c9ec487367fbcee630117d8ce161fe6b185b2e72e48be2275b",
                "sha256:bd4eba631f07cae8cdb9c55c144f165649e6701b962f9d604b4e00cf8802406c",
                "sha256:d12b46247e74c1881768feb3ae48fbbb95e5c883b0c3517acdf86f435560fc61",
                "sha256:e312776d3ef04632ec742ce2d2b7048b635073e0245e4f44dfe8b08cc50ac656",
                "sha256:fac51660e712b5f873dadb787e6ec3eced13473302559ea9bdbbba9d07fb56e0",
                "sha256:fbe75deeec11130913e2df6f7f8edd383cf9e9e1c237cf0bed1719c18ee7aadb",
                "sha256:fc9cca8c0147d9191c96370b1bc0f425d87ffdf8dd48bc4dc9657ee45a77a8ce"
            ],
            "index": "pypi",
            "version": "==4.2"
        },
        "flask": {
            "hashes": [
                "sha256:4efa1ae2d7c9865af48986de8aeb8504bf32c7f3d6fdc9353d34b21f4b127060",
                "sha256:8a4fdd8936eba2512e9c85df320a37e694c93945b33ef33c89946a340a238557"
            ],
            "index": "pypi",
            "version": "==1.1.2"
        },
        "flask-bcrypt": {
            "hashes": [
                "sha256:d71c8585b2ee1c62024392ebdbc447438564e2c8c02b4e57b56a4cafd8d13c5f"
            ],
            "index": "pypi",
            "version": "==0.7.1"
        },
        "flask-migrate": {
            "hashes": [
                "sha256:c77272b936ec94209d5c709f9ec43947f4a25513c1b12cc25241586abdfa84b1"
            ],
            "index": "pypi",
            "version": "==2.0.2"
        },
        "flask-script": {
            "hashes": [
                "sha256:cef76eac751396355429a14c38967bb14d4973c53e07dec94af5cc8fb017107f"
            ],
            "index": "pypi",
            "version": "==2.0.5"
        },
        "flask-sqlalchemy": {
            "hashes": [
                "sha256:05b31d2034dd3f2a685cbbae4cfc4ed906b2a733cff7964ada450fd5e462b84e",
                "sha256:bfc7150eaf809b1c283879302f04c42791136060c6eeb12c0c6674fb1291fae5"
            ],
            "index": "pypi",
            "version": "==2.4.4"
        },
        "flask-testing": {
            "hashes": [
                "sha256:abf539332c013aee5301cbb720d2c6a78bb69fe9bcf854697b6f62f1e7f175b2"
            ],
            "index": "pypi",
            "version": "==0.6.1"
        },
        "gunicorn": {
            "hashes": [
                "sha256:1904bb2b8a43658807108d59c3f3d56c2b6121a701161de0ddf9ad140073c626",
                "sha256:cd4a810dd51bf497552cf3f863b575dabd73d6ad6a91075b65936b151cbf4f9c"
            ],
            "index": "pypi",
            "version": "==20.0.4"
        },
        "itsdangerous": {
            "hashes": [
                "sha256:cbb3fcf8d3e33df861709ecaf89d9e6629cff0a217bc2848f1b41cd30d360519"
            ],
            "index": "pypi",
            "version": "==0.24"
        },
        "jinja2": {
            "hashes": [
                "sha256:03e47ad063331dd6a3f04a43eddca8a966a26ba0c5b7207a9a9e4e08f1b29419",
                "sha256:a6d58433de0ae800347cab1fa3043cebbabe8baa9d29e668f1c768cb87a333c6"
            ],
            "index": "pypi",
            "version": "==2.11.3"
        },
        "mako": {
            "hashes": [
                "sha256:17831f0b7087c313c0ffae2bcbbd3c1d5ba9eeac9c38f2eb7b50e8c99fe9d5ab"
            ],
            "index": "pypi",
            "version": "==1.1.4"
        },
        "markupsafe": {
            "hashes": [
                "sha256:a4ec1aff59b95a14b45eb2e23761a0179e98319da5a7eb76b56ea8cdc7b871c3"
            ],
            "index": "pypi",
            "version": "==0.23"
        },
        "psycopg2": {
            "hashes": [
                "sha256:00195b5f6832dbf2876b8bf77f12bdce648224c89c880719c745b90515233301",
                "sha256:068115e13c70dc5982dfc00c5d70437fe37c014c808acce119b5448361c03725",
                "sha256:26e7fd115a6db75267b325de0fba089b911a4a12ebd3d0b5e7acb7028bc46821",
                "sha256:2c93d4d16933fea5bbacbe1aaf8fa8c1348740b2e50b3735d1b0bf8154cbf0f3",
                "sha256:56007a226b8e95aa980ada7abdea6b40b75ce62a433bd27cec7a8178d57f4051",
                "sha256:56fee7f818d032f802b8eed81ef0c1232b8b42390df189cab9cfa87573fe52c5",
                "sha256:6a3d9efb6f36f1fe6aa8dbb5af55e067db802502c55a9defa47c5a1dad41df84",
                "sha256:a49833abfdede8985ba3f3ec641f771cca215479f41523e99dace96d5b8cce2a",
                "sha256:ad2fe8a37be669082e61fb001c185ffb58867fdbb3e7a6b0b0d2ffe232353a3e",
                "sha256:b8cae8b2f022efa1f011cc753adb9cbadfa5a184431d09b273fb49b4167561ad",
                "sha256:d160744652e81c80627a909a0e808f3c6653a40af435744de037e3172cf277f5",
                "sha256:d5062ae50b222da28253059880a871dc87e099c25cb68acf613d9d227413d6f7",
                "sha256:f22ea9b67aea4f4a1718300908a2fb62b3e4276cf00bd829a97ab5894af42ea3",
                "sha256:f974c96fca34ae9e4f49839ba6b78addf0346777b46c4da27a7bf54f48d3057d",
                "sha256:fb23f6c71107c37fd667cb4ea363ddeb936b348bbd6449278eb92c189699f543"
            ],
            "index": "pypi",
            "version": "==2.8.6"
        },
        "pycparser": {
            "hashes": [
                "sha256:0aac31e917c24cb3357f5a4d5566f2cc91a19ca41862f6c3c22dc60a629673b6"
            ],
            "index": "pypi",
            "version": "==2.17"
        },
        "pyjwt": {
            "hashes": [
                "sha256:5c6eca3c2940464d106b99ba83b00c6add741c9becaec087fb7ccdefea71350e",
                "sha256:8d59a976fb773f3e6a39c85636357c4f0e242707394cadadd9814f5cbaa20e96"
            ],
            "index": "pypi",
            "version": "==1.7.1"
        },
        "python-editor": {
            "hashes": [
                "sha256:a3c066acee22a1c94f63938341d4fb374e3fdd69366ed6603d7b24bed1efc565"
            ],
            "index": "pypi",
            "version": "==1.0.3"
        },
        "six": {
            "hashes": [
                "sha256:0ff78c403d9bccf5a425a6d31a12aa6b47f1c21ca4dc2573a7e2f32a97335eb1",
                "sha256:105f8d68616f8248e24bf0e9372ef04d3cc10104f1980f54d57b2ce73a5ad56a"
            ],
            "index": "pypi",
            "version": "==1.10.0"
        },
        "sqlalchemy": {
            "hashes": [
                "sha256:040bdfc1d76a9074717a3f43455685f781c581f94472b010cd6c4754754e1862",
                "sha256:1fe5d8d39118c2b018c215c37b73fd6893c3e1d4895be745ca8ff6eb83333ed3",
                "sha256:23927c3981d1ec6b4ea71eb99d28424b874d9c696a21e5fbd9fa322718be3708",
                "sha256:24f9569e82a009a09ce2d263559acb3466eba2617203170e4a0af91e75b4f075",
                "sha256:2578dbdbe4dbb0e5126fb37ffcd9793a25dcad769a95f171a2161030bea850ff",
                "sha256:269990b3ab53cb035d662dcde51df0943c1417bdab707dc4a7e4114a710504b4",
                "sha256:29cccc9606750fe10c5d0e8bd847f17a97f3850b8682aef1f56f5d5e1a5a64b1",
                "sha256:37b83bf81b4b85dda273aaaed5f35ea20ad80606f672d94d2218afc565fb0173",
                "sha256:63677d0c08524af4c5893c18dbe42141de7178001360b3de0b86217502ed3601",
                "sha256:639940bbe1108ac667dcffc79925db2966826c270112e9159439ab6bb14f8d80",
                "sha256:6a939a868fdaa4b504e8b9d4a61f21aac11e3fecc8a8214455e144939e3d2aea",
                "sha256:6b8b8c80c7f384f06825612dd078e4a31f0185e8f1f6b8c19e188ff246334205",
                "sha256:6c9e6cc9237de5660bcddea63f332428bb83c8e2015c26777281f7ffbd2efb84",
                "sha256:6ec1044908414013ebfe363450c22f14698803ce97fbb47e53284d55c5165848",
                "sha256:6fca33672578666f657c131552c4ef8979c1606e494f78cd5199742dfb26918b",
                "sha256:751934967f5336a3e26fc5993ccad1e4fee982029f9317eb6153bc0bc3d2d2da",
                "sha256:8be835aac18ec85351385e17b8665bd4d63083a7160a017bef3d640e8e65cadb",
                "sha256:927ce09e49bff3104459e1451ce82983b0a3062437a07d883a4c66f0b344c9b5",
                "sha256:94208867f34e60f54a33a37f1c117251be91a47e3bfdb9ab8a7847f20886ad06",
                "sha256:94f667d86be82dd4cb17d08de0c3622e77ca865320e0b95eae6153faa7b4ecaf",
                "sha256:9e9c25522933e569e8b53ccc644dc993cab87e922fb7e142894653880fdd419d",
                "sha256:a0e306e9bb76fd93b29ae3a5155298e4c1b504c7cbc620c09c20858d32d16234",
                "sha256:a8bfc1e1afe523e94974132d7230b82ca7fa2511aedde1f537ec54db0399541a",
                "sha256:ac2244e64485c3778f012951fdc869969a736cd61375fde6096d08850d8be729",
                "sha256:b4b0e44d586cd64b65b507fa116a3814a1a53d55dce4836d7c1a6eb2823ff8d1",
                "sha256:baeb451ee23e264de3f577fee5283c73d9bbaa8cb921d0305c0bbf700094b65b",
                "sha256:c7dc052432cd5d060d7437e217dd33c97025287f99a69a50e2dc1478dd610d64",
                "sha256:d1a85dfc5dee741bf49cb9b6b6b8d2725a268e4992507cf151cba26b17d97c37",
                "sha256:d90010304abb4102123d10cbad2cdf2c25a9f2e66a50974199b24b468509bad5",
                "sha256:ddfb511e76d016c3a160910642d57f4587dc542ce5ee823b0d415134790eeeb9",
                "sha256:e273367f4076bd7b9a8dc2e771978ef2bfd6b82526e80775a7db52bff8ca01dd",
                "sha256:e5bb3463df697279e5459a7316ad5a60b04b0107f9392e88674d0ece70e9cf70",
                "sha256:e8a1750b44ad6422ace82bf3466638f1aa0862dbb9689690d5f2f48cce3476c8",
                "sha256:eab063a70cca4a587c28824e18be41d8ecc4457f8f15b2933584c6c6cccd30f0",
                "sha256:ecce8c021894a77d89808222b1ff9687ad84db54d18e4bd0500ca766737faaf6",
                "sha256:f4d972139d5000105fcda9539a76452039434013570d6059993120dc2a65e447",
                "sha256:fd3b96f8c705af8e938eaa99cbd8fd1450f632d38cad55e7367c33b263bf98ec",
                "sha256:fdd2ed7395df8ac2dbb10cefc44737b66c6a5cd7755c92524733d7a443e5b7e2"
            ],
            "index": "pypi",
            "version": "==1.3.23"
        },
        "werkzeug": {
            "hashes": [
                "sha256:2de2a5db0baeae7b2d2664949077c2ac63fbd16d98da0ff71837f7d1dea3fd43",
                "sha256:6c80b1e5ad3665290ea39320b91e1be1e0d5f60652b964a3070216de83d2e47c"
            ],
            "index": "pypi",
            "version": "==1.0.1"
        }
    },
    "develop": {}
}
